{
  "nodes": {
    "nixpkgs": {
      "locked": {
        "lastModified": 1701016234,
        "narHash": "sha256-NmxVnbxtxYI9E5dbkzzUEFEpXz318J/XhmxwwM+KBTI=",
        "owner": "nixos",
        "repo": "nixpkgs",
        "rev": "2b6fb7ef660f0cae356322842bca5ea4e5e12efd",
        "type": "github"
      },
      "original": {
        "owner": "nixos",
        "ref": "master",
        "repo": "nixpkgs",
        "type": "github"
      }
    },
    "root": {
      "inputs": {
        "nixpkgs": "nixpkgs"
      }
    }
  },
  "root": "root",
  "version": 7
}
